# This file was autogenerated by Stack.
# You should not edit this file by hand.
# For more information, please see the documentation at:
#   https://docs.haskellstack.org/en/stable/lock_files

packages:
- completed:
    hackage: wai-middleware-throttle-0.3.0.1@sha256:8da81c156abbcaee3bdda60763bb9780ae1b9ff447bd5580202c0e0f5f8f7bcb,2522
    pantry-tree:
      size: 451
      sha256: 56584655c32e438551e9abc02de0223a50504e6c4aca3f2707aedaa3048651bd
  original:
    hackage: wai-middleware-throttle-0.3.0.1@sha256:8da81c156abbcaee3bdda60763bb9780ae1b9ff447bd5580202c0e0f5f8f7bcb,2522
- completed:
    hackage: token-bucket-0.1.0.1@sha256:d8e85f2fc373939975e7ace7907baee177531ab6e43df94e330a2357e64a2d11,1899
    pantry-tree:
      size: 399
      sha256: b0b4a08ea1bf76bd108310f64d7f80e0f30b61ddc3d71f6cab7bdce329d2c1fa
  original:
    hackage: token-bucket-0.1.0.1@sha256:d8e85f2fc373939975e7ace7907baee177531ab6e43df94e330a2357e64a2d11,1899
- completed:
    hackage: chronos-1.1@sha256:1a5cc328d00431854ae38c55ed1230038e2ccf93da57682c40a1bc2bdca9c1a4,3721
    pantry-tree:
      size: 636
      sha256: 24ad8f3993b0c37bf4b489c2e6dd8d5dcf24f33abf7368378573dbb0ed755b7a
  original:
    hackage: chronos-1.1@sha256:1a5cc328d00431854ae38c55ed1230038e2ccf93da57682c40a1bc2bdca9c1a4,3721
snapshots:
- completed:
    size: 457184
    url: https://raw.githubusercontent.com/commercialhaskell/stackage-snapshots/master/nightly/2020/1/16.yaml
    sha256: eebdd5fb26e159ad85c2dd30ef69701e5e01a848edaf52947305be3f93e2137d
  original: nightly-2020-01-16
