# This file was autogenerated by Stack.
# You should not edit this file by hand.
# For more information, please see the documentation at:
#   https://docs.haskellstack.org/en/stable/lock_files

packages: []
snapshots:
- completed:
    size: 506719
    url: https://raw.githubusercontent.com/commercialhaskell/stackage-snapshots/master/nightly/2019/5/8.yaml
    sha256: baa844c2ed54db510692b6e94d357c451712282555727b938c42d389e661131a
  original: nightly-2019-05-08
